
Microsoft Visual Studio Solution File, Format Version 12.00
# Visual Studio 2013
VisualStudioVersion = 12.0.21005.1
MinimumVisualStudioVersion = 10.0.40219.1
Project("{FAE04EC0-301F-11D3-BF4B-00C04F79EFBC}") = "HTQLHSSV", "HTQLHSSV\HTQLHSSV.csproj", "{CAB628B3-24F4-4921-9C37-A62B2B44BC1A}"
EndProject
Global
	GlobalSection(SolutionConfigurationPlatforms) = preSolution
		Debug|Any CPU = Debug|Any CPU
		Release|Any CPU = Release|Any CPU
	EndGlobalSection
	GlobalSection(ProjectConfigurationPlatforms) = postSolution
		{CAB628B3-24F4-4921-9C37-A62B2B44BC1A}.Debug|Any CPU.ActiveCfg = Debug|Any CPU
		{CAB628B3-24F4-4921-9C37-A62B2B44BC1A}.Debug|Any CPU.Build.0 = Debug|Any CPU
		{CAB628B3-24F4-4921-9C37-A62B2B44BC1A}.Release|Any CPU.ActiveCfg = Release|Any CPU
		{CAB628B3-24F4-4921-9C37-A62B2B44BC1A}.Release|Any CPU.Build.0 = Release|Any CPU
	EndGlobalSection
	GlobalSection(SolutionProperties) = preSolution
		HideSolutionNode = FALSE
	EndGlobalSection
EndGlobal
